{
  "name": "tauri-plugin-conduit",
  "version": "1.0.0",
  "lockfileVersion": 3,
  "requires": true,
  "packages": {
    "": {
      "name": "tauri-plugin-conduit",
      "version": "1.0.0",
      "license": "MIT OR Apache-2.0",
      "devDependencies": {
        "@tauri-apps/api": "^2.0.0",
        "@types/node": "^25.3.5",
        "typescript": "^5.7"
      },
      "peerDependencies": {
        "@tauri-apps/api": "^2.0.0"
      },
      "peerDependenciesMeta": {
        "@tauri-apps/api": {
          "optional": false
        }
      }
    },
    "node_modules/@tauri-apps/api": {
      "version": "2.10.1",
      "resolved": "https://registry.npmjs.org/@tauri-apps/api/-/api-2.10.1.tgz",
      "integrity": "sha512-hKL/jWf293UDSUN09rR69hrToyIXBb8CjGaWC7gfinvnQrBVvnLr08FeFi38gxtugAVyVcTa5/FD/Xnkb1siBw==",
      "dev": true,
      "license": "Apache-2.0 OR MIT",
      "funding": {
        "type": "opencollective",
        "url": "https://opencollective.com/tauri"
      }
    },
    "node_modules/@types/node": {
      "version": "25.3.5",
      "resolved": "https://registry.npmjs.org/@types/node/-/node-25.3.5.tgz",
      "integrity": "sha512-oX8xrhvpiyRCQkG1MFchB09f+cXftgIXb3a7UUa4Y3wpmZPw5tyZGTLWhlESOLq1Rq6oDlc8npVU2/9xiCuXMA==",
      "dev": true,
      "license": "MIT",
      "dependencies": {
        "undici-types": "~7.18.0"
      }
    },
    "node_modules/typescript": {
      "version": "5.9.3",
      "resolved": "https://registry.npmjs.org/typescript/-/typescript-5.9.3.tgz",
      "integrity": "sha512-jl1vZzPDinLr9eUt3J/t7V6FgNEw9QjvBPdysz9KfQDD41fQrC2Y4vKQdiaUpFT4bXlb1RHhLpp8wtm6M5TgSw==",
      "dev": true,
      "license": "Apache-2.0",
      "bin": {
        "tsc": "bin/tsc",
        "tsserver": "bin/tsserver"
      },
      "engines": {
        "node": ">=14.17"
      }
    },
    "node_modules/undici-types": {
      "version": "7.18.2",
      "resolved": "https://registry.npmjs.org/undici-types/-/undici-types-7.18.2.tgz",
      "integrity": "sha512-AsuCzffGHJybSaRrmr5eHr81mwJU3kjw6M+uprWvCXiNeN9SOGwQ3Jn8jb8m3Z6izVgknn1R0FTCEAP2QrLY/w==",
      "dev": true,
      "license": "MIT"
    }
  }
}
